
Microsoft Visual Studio Solution File, Format Version 12.00
# Visual Studio 15
VisualStudioVersion = 15.0.28307.329
MinimumVisualStudioVersion = 10.0.40219.1
Project("{9A19103F-16F7-4668-BE54-9A1E7A4F7556}") = "CSharpFeatures", "CSharpFeatures\CSharpFeatures.csproj", "{91157BAF-81E4-4756-84AB-9B71AE5D40D9}"
EndProject
Project("{FAE04EC0-301F-11D3-BF4B-00C04F79EFBC}") = "EventReceiver", "Events\EventReceiver.csproj", "{A64FBD36-12F8-4D20-A6DF-CB2A5D0CBBD9}"
EndProject
Project("{FAE04EC0-301F-11D3-BF4B-00C04F79EFBC}") = "EventService", "EventReceiver\EventService.csproj", "{864F81ED-4B59-4C09-84BC-F4F1E14D717D}"
EndProject
Project("{FAE04EC0-301F-11D3-BF4B-00C04F79EFBC}") = "EventDomain", "EventDomain\EventDomain.csproj", "{060B27A7-BCDE-4F52-A3EE-573979F0C22C}"
EndProject
Global
	GlobalSection(SolutionConfigurationPlatforms) = preSolution
		Debug|Any CPU = Debug|Any CPU
		Release|Any CPU = Release|Any CPU
	EndGlobalSection
	GlobalSection(ProjectConfigurationPlatforms) = postSolution
		{91157BAF-81E4-4756-84AB-9B71AE5D40D9}.Debug|Any CPU.ActiveCfg = Debug|Any CPU
		{91157BAF-81E4-4756-84AB-9B71AE5D40D9}.Debug|Any CPU.Build.0 = Debug|Any CPU
		{91157BAF-81E4-4756-84AB-9B71AE5D40D9}.Release|Any CPU.ActiveCfg = Release|Any CPU
		{91157BAF-81E4-4756-84AB-9B71AE5D40D9}.Release|Any CPU.Build.0 = Release|Any CPU
		{A64FBD36-12F8-4D20-A6DF-CB2A5D0CBBD9}.Debug|Any CPU.ActiveCfg = Debug|Any CPU
		{A64FBD36-12F8-4D20-A6DF-CB2A5D0CBBD9}.Debug|Any CPU.Build.0 = Debug|Any CPU
		{A64FBD36-12F8-4D20-A6DF-CB2A5D0CBBD9}.Release|Any CPU.ActiveCfg = Release|Any CPU
		{A64FBD36-12F8-4D20-A6DF-CB2A5D0CBBD9}.Release|Any CPU.Build.0 = Release|Any CPU
		{864F81ED-4B59-4C09-84BC-F4F1E14D717D}.Debug|Any CPU.ActiveCfg = Debug|Any CPU
		{864F81ED-4B59-4C09-84BC-F4F1E14D717D}.Debug|Any CPU.Build.0 = Debug|Any CPU
		{864F81ED-4B59-4C09-84BC-F4F1E14D717D}.Release|Any CPU.ActiveCfg = Release|Any CPU
		{864F81ED-4B59-4C09-84BC-F4F1E14D717D}.Release|Any CPU.Build.0 = Release|Any CPU
		{060B27A7-BCDE-4F52-A3EE-573979F0C22C}.Debug|Any CPU.ActiveCfg = Debug|Any CPU
		{060B27A7-BCDE-4F52-A3EE-573979F0C22C}.Debug|Any CPU.Build.0 = Debug|Any CPU
		{060B27A7-BCDE-4F52-A3EE-573979F0C22C}.Release|Any CPU.ActiveCfg = Release|Any CPU
		{060B27A7-BCDE-4F52-A3EE-573979F0C22C}.Release|Any CPU.Build.0 = Release|Any CPU
	EndGlobalSection
	GlobalSection(SolutionProperties) = preSolution
		HideSolutionNode = FALSE
	EndGlobalSection
	GlobalSection(ExtensibilityGlobals) = postSolution
		SolutionGuid = {9C022575-59F6-4F0A-8EA1-73916054CC52}
	EndGlobalSection
EndGlobal
